{
    "_meta": {
        "hash": {
            "sha256": "389748e4e05381bede561c4ce21cd3a90c466f65763049e74e5c2620adb2a1e4"
        },
        "pipfile-spec": 6,
        "requires": {
            "python_version": "3.10"
        },
        "sources": [
            {
                "name": "custom",
                "url": "https://mirrors.aliyun.com/pypi/simple",
                "verify_ssl": true
            }
        ]
    },
    "default": {},
    "develop": {}
}
